
Microsoft Visual Studio Solution File, Format Version 12.00
# Visual Studio Version 16
VisualStudioVersion = 16.0.28922.388
MinimumVisualStudioVersion = 10.0.40219.1
Project("{FAE04EC0-301F-11D3-BF4B-00C04F79EFBC}") = "COM3D2.i18nEx.Core", "COM3D2.i18nEx.Core\COM3D2.i18nEx.Core.csproj", "{1009E384-FACF-468A-8C86-E955C3F8E61C}"
EndProject
Project("{FAE04EC0-301F-11D3-BF4B-00C04F79EFBC}") = "COM3D2.i18nEx.BepInEx", "COM3D2.i18nEx.BepInEx\COM3D2.i18nEx.BepInEx.csproj", "{818B9F24-8EBF-444B-A7DE-E7786E34698B}"
EndProject
Project("{FAE04EC0-301F-11D3-BF4B-00C04F79EFBC}") = "TranslationExtract", "TranslationExtract\TranslationExtract.csproj", "{CC1CBEEC-828E-4231-8A5C-15A3B3155ABF}"
EndProject
Global
	GlobalSection(SolutionConfigurationPlatforms) = preSolution
		Debug|Any CPU = Debug|Any CPU
		Release|Any CPU = Release|Any CPU
	EndGlobalSection
	GlobalSection(ProjectConfigurationPlatforms) = postSolution
		{1009E384-FACF-468A-8C86-E955C3F8E61C}.Debug|Any CPU.ActiveCfg = Debug|Any CPU
		{1009E384-FACF-468A-8C86-E955C3F8E61C}.Debug|Any CPU.Build.0 = Debug|Any CPU
		{1009E384-FACF-468A-8C86-E955C3F8E61C}.Release|Any CPU.ActiveCfg = Release|Any CPU
		{1009E384-FACF-468A-8C86-E955C3F8E61C}.Release|Any CPU.Build.0 = Release|Any CPU
		{818B9F24-8EBF-444B-A7DE-E7786E34698B}.Debug|Any CPU.ActiveCfg = Debug|Any CPU
		{818B9F24-8EBF-444B-A7DE-E7786E34698B}.Debug|Any CPU.Build.0 = Debug|Any CPU
		{818B9F24-8EBF-444B-A7DE-E7786E34698B}.Release|Any CPU.ActiveCfg = Release|Any CPU
		{818B9F24-8EBF-444B-A7DE-E7786E34698B}.Release|Any CPU.Build.0 = Release|Any CPU
		{CC1CBEEC-828E-4231-8A5C-15A3B3155ABF}.Debug|Any CPU.ActiveCfg = Debug|Any CPU
		{CC1CBEEC-828E-4231-8A5C-15A3B3155ABF}.Debug|Any CPU.Build.0 = Debug|Any CPU
		{CC1CBEEC-828E-4231-8A5C-15A3B3155ABF}.Release|Any CPU.ActiveCfg = Release|Any CPU
		{CC1CBEEC-828E-4231-8A5C-15A3B3155ABF}.Release|Any CPU.Build.0 = Release|Any CPU
	EndGlobalSection
	GlobalSection(SolutionProperties) = preSolution
		HideSolutionNode = FALSE
	EndGlobalSection
	GlobalSection(ExtensibilityGlobals) = postSolution
		SolutionGuid = {E1355369-B6DF-4567-A478-99D522FCEB4A}
	EndGlobalSection
EndGlobal
